
Microsoft Visual Studio Solution File, Format Version 12.00
# Visual Studio 15
VisualStudioVersion = 15.0.27004.2006
MinimumVisualStudioVersion = 10.0.40219.1
Project("{F2A71F9B-5D33-465A-A702-920D77279786}") = "CsvParser", "CsvParser\CsvParser.fsproj", "{559CF23B-E016-4355-9E4C-9D830FF9922D}"
EndProject
Global
	GlobalSection(SolutionConfigurationPlatforms) = preSolution
		Debug|Any CPU = Debug|Any CPU
		Release|Any CPU = Release|Any CPU
	EndGlobalSection
	GlobalSection(ProjectConfigurationPlatforms) = postSolution
		{559CF23B-E016-4355-9E4C-9D830FF9922D}.Debug|Any CPU.ActiveCfg = Debug|Any CPU
		{559CF23B-E016-4355-9E4C-9D830FF9922D}.Debug|Any CPU.Build.0 = Debug|Any CPU
		{559CF23B-E016-4355-9E4C-9D830FF9922D}.Release|Any CPU.ActiveCfg = Release|Any CPU
		{559CF23B-E016-4355-9E4C-9D830FF9922D}.Release|Any CPU.Build.0 = Release|Any CPU
	EndGlobalSection
	GlobalSection(SolutionProperties) = preSolution
		HideSolutionNode = FALSE
	EndGlobalSection
	GlobalSection(ExtensibilityGlobals) = postSolution
		SolutionGuid = {DEE07E06-3E44-42A2-910C-FB9326C71265}
	EndGlobalSection
EndGlobal
